
Microsoft Visual Studio Solution File, Format Version 12.00
# Visual Studio Version 17
VisualStudioVersion = 17.0.31903.59
MinimumVisualStudioVersion = 10.0.40219.1
Project("{2150E333-8FDC-42A3-9474-1A3956D46DE8}") = "src", "src", "{1E1B6744-E86B-4292-8FEF-F99F98C09A95}"
EndProject
Project("{FAE04EC0-301F-11D3-BF4B-00C04F79EFBC}") = "GoingTerminal", "src\GoingTerminal\GoingTerminal.csproj", "{09079041-7943-42CB-9B88-A3A27A7AFE2C}"
EndProject
Project("{FAE04EC0-301F-11D3-BF4B-00C04F79EFBC}") = "GoingTerminalEngine", "src\GoingTerminalEngine\GoingTerminalEngine.csproj", "{2370A9F8-635B-4050-BB09-981919EBBF54}"
EndProject
Global
	GlobalSection(SolutionConfigurationPlatforms) = preSolution
		Debug|Any CPU = Debug|Any CPU
		Release|Any CPU = Release|Any CPU
	EndGlobalSection
	GlobalSection(SolutionProperties) = preSolution
		HideSolutionNode = FALSE
	EndGlobalSection
	GlobalSection(ProjectConfigurationPlatforms) = postSolution
		{09079041-7943-42CB-9B88-A3A27A7AFE2C}.Debug|Any CPU.ActiveCfg = Debug|Any CPU
		{09079041-7943-42CB-9B88-A3A27A7AFE2C}.Debug|Any CPU.Build.0 = Debug|Any CPU
		{09079041-7943-42CB-9B88-A3A27A7AFE2C}.Release|Any CPU.ActiveCfg = Release|Any CPU
		{09079041-7943-42CB-9B88-A3A27A7AFE2C}.Release|Any CPU.Build.0 = Release|Any CPU
		{2370A9F8-635B-4050-BB09-981919EBBF54}.Debug|Any CPU.ActiveCfg = Debug|Any CPU
		{2370A9F8-635B-4050-BB09-981919EBBF54}.Debug|Any CPU.Build.0 = Debug|Any CPU
		{2370A9F8-635B-4050-BB09-981919EBBF54}.Release|Any CPU.ActiveCfg = Release|Any CPU
		{2370A9F8-635B-4050-BB09-981919EBBF54}.Release|Any CPU.Build.0 = Release|Any CPU
	EndGlobalSection
	GlobalSection(NestedProjects) = preSolution
		{09079041-7943-42CB-9B88-A3A27A7AFE2C} = {1E1B6744-E86B-4292-8FEF-F99F98C09A95}
		{2370A9F8-635B-4050-BB09-981919EBBF54} = {1E1B6744-E86B-4292-8FEF-F99F98C09A95}
	EndGlobalSection
EndGlobal
